
Microsoft Visual Studio Solution File, Format Version 12.00
# Visual Studio Version 16
VisualStudioVersion = 16.0.810.14
MinimumVisualStudioVersion = 10.0.40219.1
Project("{2150E333-8FDC-42A3-9474-1A3956D46DE8}") = "Services", "Services", "{49477129-3E07-44C3-8F13-71F5803C07F4}"
EndProject
Project("{2150E333-8FDC-42A3-9474-1A3956D46DE8}") = "Catalog", "Catalog", "{5D308EDA-F080-4AC3-A157-6AEE3627A699}"
EndProject
Project("{FAE04EC0-301F-11D3-BF4B-00C04F79EFBC}") = "Services.Catalog", "Services\Catalog\Services.Catalog\Services.Catalog.csproj", "{431D1284-9BB6-4E80-A5E8-52287BF6FCF7}"
EndProject
Project("{2150E333-8FDC-42A3-9474-1A3956D46DE8}") = "Solution Items", "Solution Items", "{89193077-3670-4ABD-BBE8-2F463235E6CC}"
	ProjectSection(SolutionItems) = preProject
		Ports.txt = Ports.txt
	EndProjectSection
EndProject
Project("{2150E333-8FDC-42A3-9474-1A3956D46DE8}") = "Shared", "Shared", "{FE51596A-7942-4CC4-9673-0C39A146A427}"
EndProject
Project("{FAE04EC0-301F-11D3-BF4B-00C04F79EFBC}") = "Microservices.Shared", "Shared\Microservices.Shared\Microservices.Shared.csproj", "{7F04FB7B-54FB-4B7C-A8A4-78EED8FD8BC5}"
EndProject
Project("{2150E333-8FDC-42A3-9474-1A3956D46DE8}") = "IdentityServer", "IdentityServer", "{E08DF5DB-9CA0-4D17-A854-A813FFFA29F1}"
EndProject
Project("{FAE04EC0-301F-11D3-BF4B-00C04F79EFBC}") = "ECommerceMicroservices.IdentityServer", "IdentityServer\ECommerceMicroservices.IdentityServer\ECommerceMicroservices.IdentityServer.csproj", "{2E9807B1-3B39-4E8F-855F-3CA96FC16B1B}"
EndProject
Project("{2150E333-8FDC-42A3-9474-1A3956D46DE8}") = "PhotoStock", "PhotoStock", "{7246920A-7367-482F-A281-32BC07CB3366}"
EndProject
Project("{FAE04EC0-301F-11D3-BF4B-00C04F79EFBC}") = "Services.PhotoStock", "Services\PhotoStock\Services.PhotoStock\Services.PhotoStock.csproj", "{F840890A-9421-4360-B8A7-94FE4161EA9B}"
EndProject
Project("{2150E333-8FDC-42A3-9474-1A3956D46DE8}") = "Basket", "Basket", "{BEF14808-E5B0-4752-9DB7-446DB75D7BB9}"
EndProject
Project("{FAE04EC0-301F-11D3-BF4B-00C04F79EFBC}") = "Services.Basket", "Services\Basket\Services.Basker\Services.Basket.csproj", "{0BFF5AE9-AFEB-4595-888F-E1A87D9540CA}"
EndProject
Project("{2150E333-8FDC-42A3-9474-1A3956D46DE8}") = "Discount", "Discount", "{F2FA2224-3D84-48D4-848D-E111F0B63FA6}"
EndProject
Project("{FAE04EC0-301F-11D3-BF4B-00C04F79EFBC}") = "Services.Discount", "Services\Discount\Services.Discount\Services.Discount.csproj", "{FC5B643F-BB3B-491D-893A-3BA7E85142AE}"
EndProject
Project("{2150E333-8FDC-42A3-9474-1A3956D46DE8}") = "Order", "Order", "{24A72F69-A646-43A9-85AB-F57F80F8C54A}"
EndProject
Project("{FAE04EC0-301F-11D3-BF4B-00C04F79EFBC}") = "Services.Order.API", "Services\Order\Services.Order.API\Services.Order.API.csproj", "{D680D579-B6CB-44A3-A866-2D4F1054A486}"
EndProject
Project("{FAE04EC0-301F-11D3-BF4B-00C04F79EFBC}") = "Services.Order.Application", "Services\Order\Services.Order.Application\Services.Order.Application.csproj", "{BAC03212-3FC0-4824-8B5B-234BBF0FD589}"
EndProject
Project("{FAE04EC0-301F-11D3-BF4B-00C04F79EFBC}") = "Services.Order.Domain", "Services\Order\Services.Order.Domain\Services.Order.Domain.csproj", "{7DE4D9B5-5A63-4D20-A9B6-395CEEAE7A65}"
EndProject
Project("{FAE04EC0-301F-11D3-BF4B-00C04F79EFBC}") = "Services.Order.Domain.Core", "Services\Order\Services.Order.Domain.Core\Services.Order.Domain.Core.csproj", "{C7C4168A-81E2-493A-9DA6-690ABEFCC79D}"
EndProject
Project("{FAE04EC0-301F-11D3-BF4B-00C04F79EFBC}") = "Services.Order.Infrastracture", "Services\Order\Services.Order.Infrastracture\Services.Order.Infrastracture.csproj", "{2BCAFA66-1420-4F2B-AD43-9AEB9E930898}"
EndProject
Project("{2150E333-8FDC-42A3-9474-1A3956D46DE8}") = "Services.Payment", "Services.Payment", "{416554A2-2235-477C-9153-95592DD1154E}"
EndProject
Project("{FAE04EC0-301F-11D3-BF4B-00C04F79EFBC}") = "Services.FakePayment", "Services\Payment\Services.FakePayment\Services.FakePayment.csproj", "{0E9480EF-3B80-4610-8F5D-076EFC414327}"
EndProject
Project("{2150E333-8FDC-42A3-9474-1A3956D46DE8}") = "Gateways", "Gateways", "{F8873999-F720-458C-BD4A-3818CBE3C623}"
EndProject
Project("{FAE04EC0-301F-11D3-BF4B-00C04F79EFBC}") = "Gateway", "Gateways\Gateway\Gateway.csproj", "{B410261B-A950-4738-9D12-49C6B54DD8EC}"
EndProject
Project("{2150E333-8FDC-42A3-9474-1A3956D46DE8}") = "Frontend", "Frontend", "{1B92471E-0AE5-4350-9C43-18A5031961F9}"
EndProject
Project("{FAE04EC0-301F-11D3-BF4B-00C04F79EFBC}") = "ECommerce.Web", "Frontends\ECommerce.Web\ECommerce.Web.csproj", "{ED510335-358B-4DFF-9EE1-2586D7FD937F}"
EndProject
Global
	GlobalSection(SolutionConfigurationPlatforms) = preSolution
		Debug|Any CPU = Debug|Any CPU
		Release|Any CPU = Release|Any CPU
	EndGlobalSection
	GlobalSection(ProjectConfigurationPlatforms) = postSolution
		{431D1284-9BB6-4E80-A5E8-52287BF6FCF7}.Debug|Any CPU.ActiveCfg = Debug|Any CPU
		{431D1284-9BB6-4E80-A5E8-52287BF6FCF7}.Debug|Any CPU.Build.0 = Debug|Any CPU
		{431D1284-9BB6-4E80-A5E8-52287BF6FCF7}.Release|Any CPU.ActiveCfg = Release|Any CPU
		{431D1284-9BB6-4E80-A5E8-52287BF6FCF7}.Release|Any CPU.Build.0 = Release|Any CPU
		{7F04FB7B-54FB-4B7C-A8A4-78EED8FD8BC5}.Debug|Any CPU.ActiveCfg = Debug|Any CPU
		{7F04FB7B-54FB-4B7C-A8A4-78EED8FD8BC5}.Debug|Any CPU.Build.0 = Debug|Any CPU
		{7F04FB7B-54FB-4B7C-A8A4-78EED8FD8BC5}.Release|Any CPU.ActiveCfg = Release|Any CPU
		{7F04FB7B-54FB-4B7C-A8A4-78EED8FD8BC5}.Release|Any CPU.Build.0 = Release|Any CPU
		{2E9807B1-3B39-4E8F-855F-3CA96FC16B1B}.Debug|Any CPU.ActiveCfg = Debug|Any CPU
		{2E9807B1-3B39-4E8F-855F-3CA96FC16B1B}.Debug|Any CPU.Build.0 = Debug|Any CPU
		{2E9807B1-3B39-4E8F-855F-3CA96FC16B1B}.Release|Any CPU.ActiveCfg = Release|Any CPU
		{2E9807B1-3B39-4E8F-855F-3CA96FC16B1B}.Release|Any CPU.Build.0 = Release|Any CPU
		{F840890A-9421-4360-B8A7-94FE4161EA9B}.Debug|Any CPU.ActiveCfg = Debug|Any CPU
		{F840890A-9421-4360-B8A7-94FE4161EA9B}.Debug|Any CPU.Build.0 = Debug|Any CPU
		{F840890A-9421-4360-B8A7-94FE4161EA9B}.Release|Any CPU.ActiveCfg = Release|Any CPU
		{F840890A-9421-4360-B8A7-94FE4161EA9B}.Release|Any CPU.Build.0 = Release|Any CPU
		{0BFF5AE9-AFEB-4595-888F-E1A87D9540CA}.Debug|Any CPU.ActiveCfg = Debug|Any CPU
		{0BFF5AE9-AFEB-4595-888F-E1A87D9540CA}.Debug|Any CPU.Build.0 = Debug|Any CPU
		{0BFF5AE9-AFEB-4595-888F-E1A87D9540CA}.Release|Any CPU.ActiveCfg = Release|Any CPU
		{0BFF5AE9-AFEB-4595-888F-E1A87D9540CA}.Release|Any CPU.Build.0 = Release|Any CPU
		{FC5B643F-BB3B-491D-893A-3BA7E85142AE}.Debug|Any CPU.ActiveCfg = Debug|Any CPU
		{FC5B643F-BB3B-491D-893A-3BA7E85142AE}.Debug|Any CPU.Build.0 = Debug|Any CPU
		{FC5B643F-BB3B-491D-893A-3BA7E85142AE}.Release|Any CPU.ActiveCfg = Release|Any CPU
		{FC5B643F-BB3B-491D-893A-3BA7E85142AE}.Release|Any CPU.Build.0 = Release|Any CPU
		{D680D579-B6CB-44A3-A866-2D4F1054A486}.Debug|Any CPU.ActiveCfg = Debug|Any CPU
		{D680D579-B6CB-44A3-A866-2D4F1054A486}.Debug|Any CPU.Build.0 = Debug|Any CPU
		{D680D579-B6CB-44A3-A866-2D4F1054A486}.Release|Any CPU.ActiveCfg = Release|Any CPU
		{D680D579-B6CB-44A3-A866-2D4F1054A486}.Release|Any CPU.Build.0 = Release|Any CPU
		{BAC03212-3FC0-4824-8B5B-234BBF0FD589}.Debug|Any CPU.ActiveCfg = Debug|Any CPU
		{BAC03212-3FC0-4824-8B5B-234BBF0FD589}.Debug|Any CPU.Build.0 = Debug|Any CPU
		{BAC03212-3FC0-4824-8B5B-234BBF0FD589}.Release|Any CPU.ActiveCfg = Release|Any CPU
		{BAC03212-3FC0-4824-8B5B-234BBF0FD589}.Release|Any CPU.Build.0 = Release|Any CPU
		{7DE4D9B5-5A63-4D20-A9B6-395CEEAE7A65}.Debug|Any CPU.ActiveCfg = Debug|Any CPU
		{7DE4D9B5-5A63-4D20-A9B6-395CEEAE7A65}.Debug|Any CPU.Build.0 = Debug|Any CPU
		{7DE4D9B5-5A63-4D20-A9B6-395CEEAE7A65}.Release|Any CPU.ActiveCfg = Release|Any CPU
		{7DE4D9B5-5A63-4D20-A9B6-395CEEAE7A65}.Release|Any CPU.Build.0 = Release|Any CPU
		{C7C4168A-81E2-493A-9DA6-690ABEFCC79D}.Debug|Any CPU.ActiveCfg = Debug|Any CPU
		{C7C4168A-81E2-493A-9DA6-690ABEFCC79D}.Debug|Any CPU.Build.0 = Debug|Any CPU
		{C7C4168A-81E2-493A-9DA6-690ABEFCC79D}.Release|Any CPU.ActiveCfg = Release|Any CPU
		{C7C4168A-81E2-493A-9DA6-690ABEFCC79D}.Release|Any CPU.Build.0 = Release|Any CPU
		{2BCAFA66-1420-4F2B-AD43-9AEB9E930898}.Debug|Any CPU.ActiveCfg = Debug|Any CPU
		{2BCAFA66-1420-4F2B-AD43-9AEB9E930898}.Debug|Any CPU.Build.0 = Debug|Any CPU
		{2BCAFA66-1420-4F2B-AD43-9AEB9E930898}.Release|Any CPU.ActiveCfg = Release|Any CPU
		{2BCAFA66-1420-4F2B-AD43-9AEB9E930898}.Release|Any CPU.Build.0 = Release|Any CPU
		{0E9480EF-3B80-4610-8F5D-076EFC414327}.Debug|Any CPU.ActiveCfg = Debug|Any CPU
		{0E9480EF-3B80-4610-8F5D-076EFC414327}.Debug|Any CPU.Build.0 = Debug|Any CPU
		{0E9480EF-3B80-4610-8F5D-076EFC414327}.Release|Any CPU.ActiveCfg = Release|Any CPU
		{0E9480EF-3B80-4610-8F5D-076EFC414327}.Release|Any CPU.Build.0 = Release|Any CPU
		{B410261B-A950-4738-9D12-49C6B54DD8EC}.Debug|Any CPU.ActiveCfg = Debug|Any CPU
		{B410261B-A950-4738-9D12-49C6B54DD8EC}.Debug|Any CPU.Build.0 = Debug|Any CPU
		{B410261B-A950-4738-9D12-49C6B54DD8EC}.Release|Any CPU.ActiveCfg = Release|Any CPU
		{B410261B-A950-4738-9D12-49C6B54DD8EC}.Release|Any CPU.Build.0 = Release|Any CPU
		{ED510335-358B-4DFF-9EE1-2586D7FD937F}.Debug|Any CPU.ActiveCfg = Debug|Any CPU
		{ED510335-358B-4DFF-9EE1-2586D7FD937F}.Debug|Any CPU.Build.0 = Debug|Any CPU
		{ED510335-358B-4DFF-9EE1-2586D7FD937F}.Release|Any CPU.ActiveCfg = Release|Any CPU
		{ED510335-358B-4DFF-9EE1-2586D7FD937F}.Release|Any CPU.Build.0 = Release|Any CPU
	EndGlobalSection
	GlobalSection(SolutionProperties) = preSolution
		HideSolutionNode = FALSE
	EndGlobalSection
	GlobalSection(ExtensibilityGlobals) = postSolution
		SolutionGuid = {80F45378-4FD2-4151-8D5C-FB85C18D57CF}
	EndGlobalSection
	GlobalSection(NestedProjects) = preSolution
		{5D308EDA-F080-4AC3-A157-6AEE3627A699} = {49477129-3E07-44C3-8F13-71F5803C07F4}
		{431D1284-9BB6-4E80-A5E8-52287BF6FCF7} = {5D308EDA-F080-4AC3-A157-6AEE3627A699}
		{7F04FB7B-54FB-4B7C-A8A4-78EED8FD8BC5} = {FE51596A-7942-4CC4-9673-0C39A146A427}
		{2E9807B1-3B39-4E8F-855F-3CA96FC16B1B} = {E08DF5DB-9CA0-4D17-A854-A813FFFA29F1}
		{7246920A-7367-482F-A281-32BC07CB3366} = {49477129-3E07-44C3-8F13-71F5803C07F4}
		{F840890A-9421-4360-B8A7-94FE4161EA9B} = {7246920A-7367-482F-A281-32BC07CB3366}
		{BEF14808-E5B0-4752-9DB7-446DB75D7BB9} = {49477129-3E07-44C3-8F13-71F5803C07F4}
		{0BFF5AE9-AFEB-4595-888F-E1A87D9540CA} = {BEF14808-E5B0-4752-9DB7-446DB75D7BB9}
		{F2FA2224-3D84-48D4-848D-E111F0B63FA6} = {49477129-3E07-44C3-8F13-71F5803C07F4}
		{FC5B643F-BB3B-491D-893A-3BA7E85142AE} = {F2FA2224-3D84-48D4-848D-E111F0B63FA6}
		{24A72F69-A646-43A9-85AB-F57F80F8C54A} = {49477129-3E07-44C3-8F13-71F5803C07F4}
		{D680D579-B6CB-44A3-A866-2D4F1054A486} = {24A72F69-A646-43A9-85AB-F57F80F8C54A}
		{BAC03212-3FC0-4824-8B5B-234BBF0FD589} = {24A72F69-A646-43A9-85AB-F57F80F8C54A}
		{7DE4D9B5-5A63-4D20-A9B6-395CEEAE7A65} = {24A72F69-A646-43A9-85AB-F57F80F8C54A}
		{C7C4168A-81E2-493A-9DA6-690ABEFCC79D} = {24A72F69-A646-43A9-85AB-F57F80F8C54A}
		{2BCAFA66-1420-4F2B-AD43-9AEB9E930898} = {24A72F69-A646-43A9-85AB-F57F80F8C54A}
		{416554A2-2235-477C-9153-95592DD1154E} = {49477129-3E07-44C3-8F13-71F5803C07F4}
		{0E9480EF-3B80-4610-8F5D-076EFC414327} = {416554A2-2235-477C-9153-95592DD1154E}
		{B410261B-A950-4738-9D12-49C6B54DD8EC} = {F8873999-F720-458C-BD4A-3818CBE3C623}
		{ED510335-358B-4DFF-9EE1-2586D7FD937F} = {1B92471E-0AE5-4350-9C43-18A5031961F9}
	EndGlobalSection
EndGlobal
